
Microsoft Visual Studio Solution File, Format Version 12.00
# Visual Studio Version 16
VisualStudioVersion = 16.0.29201.188
MinimumVisualStudioVersion = 10.0.40219.1
Project("{FAE04EC0-301F-11D3-BF4B-00C04F79EFBC}") = "Code.Android", "Code\Code.Android\Code.Android.csproj", "{C131C9A0-AE14-4E56-B6DE-6A4FBFBA3D3A}"
EndProject
Project("{FAE04EC0-301F-11D3-BF4B-00C04F79EFBC}") = "Code.iOS", "Code\Code.iOS\Code.iOS.csproj", "{22546313-C840-41F6-8F0B-8B86EEDAAE4A}"
EndProject
Project("{FAE04EC0-301F-11D3-BF4B-00C04F79EFBC}") = "Code", "Code\Code\Code.csproj", "{AF2EA2AF-5BE0-4C6D-B3AA-C425A2B22139}"
EndProject
Global
	GlobalSection(SolutionConfigurationPlatforms) = preSolution
		Debug|Any CPU = Debug|Any CPU
		Debug|iPhone = Debug|iPhone
		Debug|iPhoneSimulator = Debug|iPhoneSimulator
		Release|Any CPU = Release|Any CPU
		Release|iPhone = Release|iPhone
		Release|iPhoneSimulator = Release|iPhoneSimulator
	EndGlobalSection
	GlobalSection(ProjectConfigurationPlatforms) = postSolution
		{C131C9A0-AE14-4E56-B6DE-6A4FBFBA3D3A}.Debug|Any CPU.ActiveCfg = Debug|Any CPU
		{C131C9A0-AE14-4E56-B6DE-6A4FBFBA3D3A}.Debug|Any CPU.Build.0 = Debug|Any CPU
		{C131C9A0-AE14-4E56-B6DE-6A4FBFBA3D3A}.Debug|Any CPU.Deploy.0 = Debug|Any CPU
		{C131C9A0-AE14-4E56-B6DE-6A4FBFBA3D3A}.Debug|iPhone.ActiveCfg = Debug|Any CPU
		{C131C9A0-AE14-4E56-B6DE-6A4FBFBA3D3A}.Debug|iPhone.Build.0 = Debug|Any CPU
		{C131C9A0-AE14-4E56-B6DE-6A4FBFBA3D3A}.Debug|iPhone.Deploy.0 = Debug|Any CPU
		{C131C9A0-AE14-4E56-B6DE-6A4FBFBA3D3A}.Debug|iPhoneSimulator.ActiveCfg = Debug|Any CPU
		{C131C9A0-AE14-4E56-B6DE-6A4FBFBA3D3A}.Debug|iPhoneSimulator.Build.0 = Debug|Any CPU
		{C131C9A0-AE14-4E56-B6DE-6A4FBFBA3D3A}.Debug|iPhoneSimulator.Deploy.0 = Debug|Any CPU
		{C131C9A0-AE14-4E56-B6DE-6A4FBFBA3D3A}.Release|Any CPU.ActiveCfg = Release|Any CPU
		{C131C9A0-AE14-4E56-B6DE-6A4FBFBA3D3A}.Release|Any CPU.Build.0 = Release|Any CPU
		{C131C9A0-AE14-4E56-B6DE-6A4FBFBA3D3A}.Release|Any CPU.Deploy.0 = Release|Any CPU
		{C131C9A0-AE14-4E56-B6DE-6A4FBFBA3D3A}.Release|iPhone.ActiveCfg = Release|Any CPU
		{C131C9A0-AE14-4E56-B6DE-6A4FBFBA3D3A}.Release|iPhone.Build.0 = Release|Any CPU
		{C131C9A0-AE14-4E56-B6DE-6A4FBFBA3D3A}.Release|iPhone.Deploy.0 = Release|Any CPU
		{C131C9A0-AE14-4E56-B6DE-6A4FBFBA3D3A}.Release|iPhoneSimulator.ActiveCfg = Release|Any CPU
		{C131C9A0-AE14-4E56-B6DE-6A4FBFBA3D3A}.Release|iPhoneSimulator.Build.0 = Release|Any CPU
		{C131C9A0-AE14-4E56-B6DE-6A4FBFBA3D3A}.Release|iPhoneSimulator.Deploy.0 = Release|Any CPU
		{22546313-C840-41F6-8F0B-8B86EEDAAE4A}.Debug|Any CPU.ActiveCfg = Debug|iPhoneSimulator
		{22546313-C840-41F6-8F0B-8B86EEDAAE4A}.Debug|Any CPU.Build.0 = Debug|iPhoneSimulator
		{22546313-C840-41F6-8F0B-8B86EEDAAE4A}.Debug|Any CPU.Deploy.0 = Debug|iPhoneSimulator
		{22546313-C840-41F6-8F0B-8B86EEDAAE4A}.Debug|iPhone.ActiveCfg = Debug|iPhone
		{22546313-C840-41F6-8F0B-8B86EEDAAE4A}.Debug|iPhone.Build.0 = Debug|iPhone
		{22546313-C840-41F6-8F0B-8B86EEDAAE4A}.Debug|iPhone.Deploy.0 = Debug|iPhone
		{22546313-C840-41F6-8F0B-8B86EEDAAE4A}.Debug|iPhoneSimulator.ActiveCfg = Debug|iPhoneSimulator
		{22546313-C840-41F6-8F0B-8B86EEDAAE4A}.Debug|iPhoneSimulator.Build.0 = Debug|iPhoneSimulator
		{22546313-C840-41F6-8F0B-8B86EEDAAE4A}.Debug|iPhoneSimulator.Deploy.0 = Debug|iPhoneSimulator
		{22546313-C840-41F6-8F0B-8B86EEDAAE4A}.Release|Any CPU.ActiveCfg = Release|iPhone
		{22546313-C840-41F6-8F0B-8B86EEDAAE4A}.Release|Any CPU.Build.0 = Release|iPhone
		{22546313-C840-41F6-8F0B-8B86EEDAAE4A}.Release|Any CPU.Deploy.0 = Release|iPhone
		{22546313-C840-41F6-8F0B-8B86EEDAAE4A}.Release|iPhone.ActiveCfg = Release|iPhone
		{22546313-C840-41F6-8F0B-8B86EEDAAE4A}.Release|iPhone.Build.0 = Release|iPhone
		{22546313-C840-41F6-8F0B-8B86EEDAAE4A}.Release|iPhone.Deploy.0 = Release|iPhone
		{22546313-C840-41F6-8F0B-8B86EEDAAE4A}.Release|iPhoneSimulator.ActiveCfg = Release|iPhoneSimulator
		{22546313-C840-41F6-8F0B-8B86EEDAAE4A}.Release|iPhoneSimulator.Build.0 = Release|iPhoneSimulator
		{22546313-C840-41F6-8F0B-8B86EEDAAE4A}.Release|iPhoneSimulator.Deploy.0 = Release|iPhoneSimulator
		{AF2EA2AF-5BE0-4C6D-B3AA-C425A2B22139}.Debug|Any CPU.ActiveCfg = Debug|Any CPU
		{AF2EA2AF-5BE0-4C6D-B3AA-C425A2B22139}.Debug|Any CPU.Build.0 = Debug|Any CPU
		{AF2EA2AF-5BE0-4C6D-B3AA-C425A2B22139}.Debug|Any CPU.Deploy.0 = Debug|Any CPU
		{AF2EA2AF-5BE0-4C6D-B3AA-C425A2B22139}.Debug|iPhone.ActiveCfg = Debug|Any CPU
		{AF2EA2AF-5BE0-4C6D-B3AA-C425A2B22139}.Debug|iPhone.Build.0 = Debug|Any CPU
		{AF2EA2AF-5BE0-4C6D-B3AA-C425A2B22139}.Debug|iPhone.Deploy.0 = Debug|Any CPU
		{AF2EA2AF-5BE0-4C6D-B3AA-C425A2B22139}.Debug|iPhoneSimulator.ActiveCfg = Debug|Any CPU
		{AF2EA2AF-5BE0-4C6D-B3AA-C425A2B22139}.Debug|iPhoneSimulator.Build.0 = Debug|Any CPU
		{AF2EA2AF-5BE0-4C6D-B3AA-C425A2B22139}.Debug|iPhoneSimulator.Deploy.0 = Debug|Any CPU
		{AF2EA2AF-5BE0-4C6D-B3AA-C425A2B22139}.Release|Any CPU.ActiveCfg = Release|Any CPU
		{AF2EA2AF-5BE0-4C6D-B3AA-C425A2B22139}.Release|Any CPU.Build.0 = Release|Any CPU
		{AF2EA2AF-5BE0-4C6D-B3AA-C425A2B22139}.Release|Any CPU.Deploy.0 = Release|Any CPU
		{AF2EA2AF-5BE0-4C6D-B3AA-C425A2B22139}.Release|iPhone.ActiveCfg = Release|Any CPU
		{AF2EA2AF-5BE0-4C6D-B3AA-C425A2B22139}.Release|iPhone.Build.0 = Release|Any CPU
		{AF2EA2AF-5BE0-4C6D-B3AA-C425A2B22139}.Release|iPhone.Deploy.0 = Release|Any CPU
		{AF2EA2AF-5BE0-4C6D-B3AA-C425A2B22139}.Release|iPhoneSimulator.ActiveCfg = Release|Any CPU
		{AF2EA2AF-5BE0-4C6D-B3AA-C425A2B22139}.Release|iPhoneSimulator.Build.0 = Release|Any CPU
		{AF2EA2AF-5BE0-4C6D-B3AA-C425A2B22139}.Release|iPhoneSimulator.Deploy.0 = Release|Any CPU
	EndGlobalSection
	GlobalSection(SolutionProperties) = preSolution
		HideSolutionNode = FALSE
	EndGlobalSection
	GlobalSection(ExtensibilityGlobals) = postSolution
		SolutionGuid = {9A55C669-7CCB-4063-9A30-9ED100240B1F}
	EndGlobalSection
EndGlobal
